
Microsoft Visual Studio Solution File, Format Version 12.00
# Visual Studio Version 17
VisualStudioVersion = 17.10.35013.160
MinimumVisualStudioVersion = 10.0.40219.1
Project("{FAE04EC0-301F-11D3-BF4B-00C04F79EFBC}") = "acl_openstack_authorization", "acl_openstack_authorization\acl_openstack_authorization.csproj", "{BACF75B8-3C14-4324-A40C-859D62796879}"
EndProject
Project("{2150E333-8FDC-42A3-9474-1A3956D46DE8}") = "Solution Items", "Solution Items", "{05E98FF8-D483-4D3F-B087-52FE4100AA75}"
	ProjectSection(SolutionItems) = preProject
		.editorconfig = .editorconfig
	EndProjectSection
EndProject
Global
	GlobalSection(SolutionConfigurationPlatforms) = preSolution
		Debug|Any CPU = Debug|Any CPU
		Release|Any CPU = Release|Any CPU
	EndGlobalSection
	GlobalSection(ProjectConfigurationPlatforms) = postSolution
		{BACF75B8-3C14-4324-A40C-859D62796879}.Debug|Any CPU.ActiveCfg = Debug|Any CPU
		{BACF75B8-3C14-4324-A40C-859D62796879}.Debug|Any CPU.Build.0 = Debug|Any CPU
		{BACF75B8-3C14-4324-A40C-859D62796879}.Release|Any CPU.ActiveCfg = Release|Any CPU
		{BACF75B8-3C14-4324-A40C-859D62796879}.Release|Any CPU.Build.0 = Release|Any CPU
	EndGlobalSection
	GlobalSection(SolutionProperties) = preSolution
		HideSolutionNode = FALSE
	EndGlobalSection
	GlobalSection(ExtensibilityGlobals) = postSolution
		SolutionGuid = {F6566E76-9442-4985-A023-4E146BE28DB0}
	EndGlobalSection
EndGlobal
